
Microsoft Visual Studio Solution File, Format Version 12.00
# Visual Studio Version 17
VisualStudioVersion = 17.2.32505.173
MinimumVisualStudioVersion = 10.0.40219.1
Project("{FAE04EC0-301F-11D3-BF4B-00C04F79EFBC}") = "NipSearchApp", "NipSearchApp\NipSearchApp.csproj", "{F87D6AE9-11AB-4E4E-A2F1-B3DB15D51CE0}"
EndProject
Global
	GlobalSection(SolutionConfigurationPlatforms) = preSolution
		Debug|Any CPU = Debug|Any CPU
		Release|Any CPU = Release|Any CPU
	EndGlobalSection
	GlobalSection(ProjectConfigurationPlatforms) = postSolution
		{F87D6AE9-11AB-4E4E-A2F1-B3DB15D51CE0}.Debug|Any CPU.ActiveCfg = Debug|Any CPU
		{F87D6AE9-11AB-4E4E-A2F1-B3DB15D51CE0}.Debug|Any CPU.Build.0 = Debug|Any CPU
		{F87D6AE9-11AB-4E4E-A2F1-B3DB15D51CE0}.Release|Any CPU.ActiveCfg = Release|Any CPU
		{F87D6AE9-11AB-4E4E-A2F1-B3DB15D51CE0}.Release|Any CPU.Build.0 = Release|Any CPU
	EndGlobalSection
	GlobalSection(SolutionProperties) = preSolution
		HideSolutionNode = FALSE
	EndGlobalSection
	GlobalSection(ExtensibilityGlobals) = postSolution
		SolutionGuid = {00380835-F1D3-46F9-9DDD-B0E57D3C09D9}
	EndGlobalSection
EndGlobal
